
Microsoft Visual Studio Solution File, Format Version 12.00
# Visual Studio Version 16
VisualStudioVersion = 16.0.31702.278
MinimumVisualStudioVersion = 10.0.40219.1
Project("{FAE04EC0-301F-11D3-BF4B-00C04F79EFBC}") = "Projekt", "Projekt\Projekt.csproj", "{8874D598-DA20-41DB-A1BF-62F18EEF193E}"
EndProject
Global
	GlobalSection(SolutionConfigurationPlatforms) = preSolution
		Debug|Any CPU = Debug|Any CPU
		Release|Any CPU = Release|Any CPU
	EndGlobalSection
	GlobalSection(ProjectConfigurationPlatforms) = postSolution
		{8874D598-DA20-41DB-A1BF-62F18EEF193E}.Debug|Any CPU.ActiveCfg = Debug|Any CPU
		{8874D598-DA20-41DB-A1BF-62F18EEF193E}.Debug|Any CPU.Build.0 = Debug|Any CPU
		{8874D598-DA20-41DB-A1BF-62F18EEF193E}.Release|Any CPU.ActiveCfg = Release|Any CPU
		{8874D598-DA20-41DB-A1BF-62F18EEF193E}.Release|Any CPU.Build.0 = Release|Any CPU
	EndGlobalSection
	GlobalSection(SolutionProperties) = preSolution
		HideSolutionNode = FALSE
	EndGlobalSection
	GlobalSection(ExtensibilityGlobals) = postSolution
		SolutionGuid = {842B37BC-426F-4EBE-B99D-5E386F75D55F}
	EndGlobalSection
EndGlobal
